
Microsoft Visual Studio Solution File, Format Version 12.00
Project("{FAE04EC0-301F-11D3-BF4B-00C04F79EFBC}") = "ecommerce-order", "ecommerce-order.csproj", "{03D4D833-C298-42BD-8763-56DE60F3A2C1}"
EndProject
Project("{2150E333-8FDC-42A3-9474-1A3956D46DE8}") = "Solution Items", "Solution Items", "{3A1325A0-6444-4450-9B93-5C9C54EB4755}"
	ProjectSection(SolutionItems) = preProject
		compose.yaml = ../compose.yaml
	EndProjectSection
EndProject
Global
	GlobalSection(SolutionConfigurationPlatforms) = preSolution
		Debug|Any CPU = Debug|Any CPU
		Release|Any CPU = Release|Any CPU
	EndGlobalSection
	GlobalSection(ProjectConfigurationPlatforms) = postSolution
		{03D4D833-C298-42BD-8763-56DE60F3A2C1}.Debug|Any CPU.ActiveCfg = Debug|Any CPU
		{03D4D833-C298-42BD-8763-56DE60F3A2C1}.Debug|Any CPU.Build.0 = Debug|Any CPU
		{03D4D833-C298-42BD-8763-56DE60F3A2C1}.Release|Any CPU.ActiveCfg = Release|Any CPU
		{03D4D833-C298-42BD-8763-56DE60F3A2C1}.Release|Any CPU.Build.0 = Release|Any CPU
	EndGlobalSection
EndGlobal
